# This file is automatically @generated by Cargo.
# It is not intended for manual editing.
version = 4

[[package]]
name = "harbor-core"
version = "0.1.0"

[[package]]
name = "harbor-demo"
version = "0.1.0"
dependencies = [
 "harbor-core",
 "harbor-email",
 "harbor-leptos",
 "harbor-sqlx",
]

[[package]]
name = "harbor-email"
version = "0.1.0"
dependencies = [
 "harbor-core",
]

[[package]]
name = "harbor-leptos"
version = "0.1.0"
dependencies = [
 "harbor-core",
 "harbor-email",
]

[[package]]
name = "harbor-sqlx"
version = "0.1.0"
dependencies = [
 "harbor-core",
]

[[package]]
name = "harbor-test-support"
version = "0.1.0"
dependencies = [
 "harbor-core",
]
